
Microsoft Visual Studio Solution File, Format Version 12.00
# Visual Studio Version 16
VisualStudioVersion = 16.0.32413.511
MinimumVisualStudioVersion = 10.0.40219.1
Project("{FAE04EC0-301F-11D3-BF4B-00C04F79EFBC}") = "PDFAnalyzer", "PDFAnalyzer\PDFAnalyzer.csproj", "{271C65CC-B026-45C8-883F-25CB13B5C81C}"
EndProject
Project("{FAE04EC0-301F-11D3-BF4B-00C04F79EFBC}") = "PDFReader", "PDFReader\PDFReader.csproj", "{65FD4D95-AD46-4940-A05C-DE45BA6C5D18}"
EndProject
Global
	GlobalSection(SolutionConfigurationPlatforms) = preSolution
		Debug|Any CPU = Debug|Any CPU
		Release|Any CPU = Release|Any CPU
	EndGlobalSection
	GlobalSection(ProjectConfigurationPlatforms) = postSolution
		{271C65CC-B026-45C8-883F-25CB13B5C81C}.Debug|Any CPU.ActiveCfg = Debug|Any CPU
		{271C65CC-B026-45C8-883F-25CB13B5C81C}.Debug|Any CPU.Build.0 = Debug|Any CPU
		{271C65CC-B026-45C8-883F-25CB13B5C81C}.Release|Any CPU.ActiveCfg = Release|Any CPU
		{271C65CC-B026-45C8-883F-25CB13B5C81C}.Release|Any CPU.Build.0 = Release|Any CPU
		{65FD4D95-AD46-4940-A05C-DE45BA6C5D18}.Debug|Any CPU.ActiveCfg = Debug|Any CPU
		{65FD4D95-AD46-4940-A05C-DE45BA6C5D18}.Debug|Any CPU.Build.0 = Debug|Any CPU
		{65FD4D95-AD46-4940-A05C-DE45BA6C5D18}.Release|Any CPU.ActiveCfg = Release|Any CPU
		{65FD4D95-AD46-4940-A05C-DE45BA6C5D18}.Release|Any CPU.Build.0 = Release|Any CPU
	EndGlobalSection
	GlobalSection(SolutionProperties) = preSolution
		HideSolutionNode = FALSE
	EndGlobalSection
	GlobalSection(ExtensibilityGlobals) = postSolution
		SolutionGuid = {AD73CEC3-9887-48AB-BB24-1F422B95A2E7}
	EndGlobalSection
EndGlobal
